// !$*UTF8*$!
{
	archiveVersion = 1;
	classes = {
	};
	objectVersion = 51;
	objects = {

/* Begin PBXBuildFile section */
		0D8E8AAE5026B6733AD3D1FF /* Pods_Chat4App.framework in Frameworks */ = {isa = PBXBuildFile; fileRef = 2E0896789F7991B195C6D4D4 /* Pods_Chat4App.framework */; };
		6E6244C226C18718008A014A /* Chat4AppApp.swift in Sources */ = {isa = PBXBuildFile; fileRef = 6E6244C126C18718008A014A /* Chat4AppApp.swift */; };
		6E6244C426C18718008A014A /* ContentView.swift in Sources */ = {isa = PBXBuildFile; fileRef = 6E6244C326C18718008A014A /* ContentView.swift */; };
		6E6244C626C1871C008A014A /* Assets.xcassets in Resources */ = {isa = PBXBuildFile; fileRef = 6E6244C526C1871C008A014A /* Assets.xcassets */; };
		6E6244C926C1871C008A014A /* Preview Assets.xcassets in Resources */ = {isa = PBXBuildFile; fileRef = 6E6244C826C1871C008A014A /* Preview Assets.xcassets */; };
		6E6244D426C1899D008A014A /* SessionStore.swift in Sources */ = {isa = PBXBuildFile; fileRef = 6E6244D326C1899D008A014A /* SessionStore.swift */; };
		6E6244D826C18CCE008A014A /* ChatList.swift in Sources */ = {isa = PBXBuildFile; fileRef = 6E6244D726C18CCE008A014A /* ChatList.swift */; };
		6E6244DC26C18D74008A014A /* Login.swift in Sources */ = {isa = PBXBuildFile; fileRef = 6E6244DB26C18D74008A014A /* Login.swift */; };
		6E6244DE26C197B0008A014A /* GoogleService-Info.plist in Resources */ = {isa = PBXBuildFile; fileRef = 6E6244DD26C197B0008A014A /* GoogleService-Info.plist */; };
		6E6244E026C1981C008A014A /* ChatroomsViewModel.swift in Sources */ = {isa = PBXBuildFile; fileRef = 6E6244DF26C1981C008A014A /* ChatroomsViewModel.swift */; };
		6E6244E226C2C57C008A014A /* Join.swift in Sources */ = {isa = PBXBuildFile; fileRef = 6E6244E126C2C57C008A014A /* Join.swift */; };
		6E6244E426C2F6C4008A014A /* MessagesViewModel.swift in Sources */ = {isa = PBXBuildFile; fileRef = 6E6244E326C2F6C4008A014A /* MessagesViewModel.swift */; };
		6E6244E626C2FD24008A014A /* Messages.swift in Sources */ = {isa = PBXBuildFile; fileRef = 6E6244E526C2FD24008A014A /* Messages.swift */; };
/* End PBXBuildFile section */

/* Begin PBXFileReference section */
		2E0896789F7991B195C6D4D4 /* Pods_Chat4App.framework */ = {isa = PBXFileReference; explicitFileType = wrapper.framework; includeInIndex = 0; path = Pods_Chat4App.framework; sourceTree = BUILT_PRODUCTS_DIR; };
		397A357190CCC97018960A63 /* Pods-Chat4App.debug.xcconfig */ = {isa = PBXFileReference; includeInIndex = 1; lastKnownFileType = text.xcconfig; name = "Pods-Chat4App.debug.xcconfig"; path = "Target Support Files/Pods-Chat4App/Pods-Chat4App.debug.xcconfig"; sourceTree = "<group>"; };
		6E6244BE26C18718008A014A /* Chat4App.app */ = {isa = PBXFileReference; explicitFileType = wrapper.application; includeInIndex = 0; path = Chat4App.app; sourceTree = BUILT_PRODUCTS_DIR; };
		6E6244C126C18718008A014A /* Chat4AppApp.swift */ = {isa = PBXFileReference; lastKnownFileType = sourcecode.swift; path = Chat4AppApp.swift; sourceTree = "<group>"; };
		6E6244C326C18718008A014A /* ContentView.swift */ = {isa = PBXFileReference; lastKnownFileType = sourcecode.swift; path = ContentView.swift; sourceTree = "<group>"; };
		6E6244C526C1871C008A014A /* Assets.xcassets */ = {isa = PBXFileReference; lastKnownFileType = folder.assetcatalog; path = Assets.xcassets; sourceTree = "<group>"; };
		6E6244C826C1871C008A014A /* Preview Assets.xcassets */ = {isa = PBXFileReference; lastKnownFileType = folder.assetcatalog; path = "Preview Assets.xcassets"; sourceTree = "<group>"; };
		6E6244CA26C1871C008A014A /* Info.plist */ = {isa = PBXFileReference; lastKnownFileType = text.plist.xml; path = Info.plist; sourceTree = "<group>"; };
		6E6244D326C1899D008A014A /* SessionStore.swift */ = {isa = PBXFileReference; lastKnownFileType = sourcecode.swift; path = SessionStore.swift; sourceTree = "<group>"; };
		6E6244D726C18CCE008A014A /* ChatList.swift */ = {isa = PBXFileReference; lastKnownFileType = sourcecode.swift; path = ChatList.swift; sourceTree = "<group>"; };
		6E6244DB26C18D74008A014A /* Login.swift */ = {isa = PBXFileReference; lastKnownFileType = sourcecode.swift; path = Login.swift; sourceTree = "<group>"; };
		6E6244DD26C197B0008A014A /* GoogleService-Info.plist */ = {isa = PBXFileReference; fileEncoding = 4; lastKnownFileType = text.plist.xml; path = "GoogleService-Info.plist"; sourceTree = "<group>"; };
		6E6244DF26C1981C008A014A /* ChatroomsViewModel.swift */ = {isa = PBXFileReference; lastKnownFileType = sourcecode.swift; path = ChatroomsViewModel.swift; sourceTree = "<group>"; };
		6E6244E126C2C57C008A014A /* Join.swift */ = {isa = PBXFileReference; lastKnownFileType = sourcecode.swift; path = Join.swift; sourceTree = "<group>"; };
		6E6244E326C2F6C4008A014A /* MessagesViewModel.swift */ = {isa = PBXFileReference; lastKnownFileType = sourcecode.swift; path = MessagesViewModel.swift; sourceTree = "<group>"; };
		6E6244E526C2FD24008A014A /* Messages.swift */ = {isa = PBXFileReference; lastKnownFileType = sourcecode.swift; path = Messages.swift; sourceTree = "<group>"; };
		9594A6B36D9603FC208D174A /* Pods-Chat4App.release.xcconfig */ = {isa = PBXFileReference; includeInIndex = 1; lastKnownFileType = text.xcconfig; name = "Pods-Chat4App.release.xcconfig"; path = "Target Support Files/Pods-Chat4App/Pods-Chat4App.release.xcconfig"; sourceTree = "<group>"; };
/* End PBXFileReference section */

/* Begin PBXFrameworksBuildPhase section */
		6E6244BB26C18718008A014A /* Frameworks */ = {
			isa = PBXFrameworksBuildPhase;
			buildActionMask = 2147483647;
			files = (
				0D8E8AAE5026B6733AD3D1FF /* Pods_Chat4App.framework in Frameworks */,
			);
			runOnlyForDeploymentPostprocessing = 0;
		};
/* End PBXFrameworksBuildPhase section */

/* Begin PBXGroup section */
		6E6244B526C18718008A014A = {
			isa = PBXGroup;
			children = (
				6E6244C026C18718008A014A /* Chat4App */,
				6E6244BF26C18718008A014A /* Products */,
				DD2AD14B6F7BC3F6C4AE5EBC /* Pods */,
				97F20055CCBB91669DB9CC86 /* Frameworks */,
			);
			sourceTree = "<group>";
		};
		6E6244BF26C18718008A014A /* Products */ = {
			isa = PBXGroup;
			children = (
				6E6244BE26C18718008A014A /* Chat4App.app */,
			);
			name = Products;
			sourceTree = "<group>";
		};
		6E6244C026C18718008A014A /* Chat4App */ = {
			isa = PBXGroup;
			children = (
				6E6244DD26C197B0008A014A /* GoogleService-Info.plist */,
				6E6244D526C18CA8008A014A /* Views */,
				6E6244D226C18988008A014A /* Utils */,
				6E6244C126C18718008A014A /* Chat4AppApp.swift */,
				6E6244C326C18718008A014A /* ContentView.swift */,
				6E6244C526C1871C008A014A /* Assets.xcassets */,
				6E6244CA26C1871C008A014A /* Info.plist */,
				6E6244C726C1871C008A014A /* Preview Content */,
			);
			path = Chat4App;
			sourceTree = "<group>";
		};
		6E6244C726C1871C008A014A /* Preview Content */ = {
			isa = PBXGroup;
			children = (
				6E6244C826C1871C008A014A /* Preview Assets.xcassets */,
			);
			path = "Preview Content";
			sourceTree = "<group>";
		};
		6E6244D226C18988008A014A /* Utils */ = {
			isa = PBXGroup;
			children = (
				6E6244D326C1899D008A014A /* SessionStore.swift */,
				6E6244DF26C1981C008A014A /* ChatroomsViewModel.swift */,
				6E6244E326C2F6C4008A014A /* MessagesViewModel.swift */,
			);
			path = Utils;
			sourceTree = "<group>";
		};
		6E6244D526C18CA8008A014A /* Views */ = {
			isa = PBXGroup;
			children = (
				6E6244D726C18CCE008A014A /* ChatList.swift */,
				6E6244DB26C18D74008A014A /* Login.swift */,
				6E6244E126C2C57C008A014A /* Join.swift */,
				6E6244E526C2FD24008A014A /* Messages.swift */,
			);
			path = Views;
			sourceTree = "<group>";
		};
		97F20055CCBB91669DB9CC86 /* Frameworks */ = {
			isa = PBXGroup;
			children = (
				2E0896789F7991B195C6D4D4 /* Pods_Chat4App.framework */,
			);
			name = Frameworks;
			sourceTree = "<group>";
		};
		DD2AD14B6F7BC3F6C4AE5EBC /* Pods */ = {
			isa = PBXGroup;
			children = (
				397A357190CCC97018960A63 /* Pods-Chat4App.debug.xcconfig */,
				9594A6B36D9603FC208D174A /* Pods-Chat4App.release.xcconfig */,
			);
			path = Pods;
			sourceTree = "<group>";
		};
/* End PBXGroup section */

/* Begin PBXNativeTarget section */
		6E6244BD26C18718008A014A /* Chat4App */ = {
			isa = PBXNativeTarget;
			buildConfigurationList = 6E6244CD26C1871C008A014A /* Build configuration list for PBXNativeTarget "Chat4App" */;
			buildPhases = (
				7201D405F1B0F2730ED0D098 /* [CP] Check Pods Manifest.lock */,
				6E6244BA26C18718008A014A /* Sources */,
				6E6244BB26C18718008A014A /* Frameworks */,
				6E6244BC26C18718008A014A /* Resources */,
				B46A4CF6430FD86E2A49C27D /* [CP] Embed Pods Frameworks */,
			);
			buildRules = (
			);
			dependencies = (
			);
			name = Chat4App;
			productName = Chat4App;
			productReference = 6E6244BE26C18718008A014A /* Chat4App.app */;
			productType = "com.apple.product-type.application";
		};
/* End PBXNativeTarget section */

/* Begin PBXProject section */
		6E6244B626C18718008A014A /* Project object */ = {
			isa = PBXProject;
			attributes = {
				LastSwiftUpdateCheck = 1250;
				LastUpgradeCheck = 1250;
				TargetAttributes = {
					6E6244BD26C18718008A014A = {
						CreatedOnToolsVersion = 12.5.1;
					};
				};
			};
			buildConfigurationList = 6E6244B926C18718008A014A /* Build configuration list for PBXProject "Chat4App" */;
			compatibilityVersion = "Xcode 9.3";
			developmentRegion = en;
			hasScannedForEncodings = 0;
			knownRegions = (
				en,
				Base,
			);
			mainGroup = 6E6244B526C18718008A014A;
			productRefGroup = 6E6244BF26C18718008A014A /* Products */;
			projectDirPath = "";
			projectRoot = "";
			targets = (
				6E6244BD26C18718008A014A /* Chat4App */,
			);
		};
/* End PBXProject section */

/* Begin PBXResourcesBuildPhase section */
		6E6244BC26C18718008A014A /* Resources */ = {
			isa = PBXResourcesBuildPhase;
			buildActionMask = 2147483647;
			files = (
				6E6244C926C1871C008A014A /* Preview Assets.xcassets in Resources */,
				6E6244C626C1871C008A014A /* Assets.xcassets in Resources */,
				6E6244DE26C197B0008A014A /* GoogleService-Info.plist in Resources */,
			);
			runOnlyForDeploymentPostprocessing = 0;
		};
/* End PBXResourcesBuildPhase section */

/* Begin PBXShellScriptBuildPhase section */
		7201D405F1B0F2730ED0D098 /* [CP] Check Pods Manifest.lock */ = {
			isa = PBXShellScriptBuildPhase;
			buildActionMask = 2147483647;
			files = (
			);
			inputFileListPaths = (
			);
			inputPaths = (
				"${PODS_PODFILE_DIR_PATH}/Podfile.lock",
				"${PODS_ROOT}/Manifest.lock",
			);
			name = "[CP] Check Pods Manifest.lock";
			outputFileListPaths = (
			);
			outputPaths = (
				"$(DERIVED_FILE_DIR)/Pods-Chat4App-checkManifestLockResult.txt",
			);
			runOnlyForDeploymentPostprocessing = 0;
			shellPath = /bin/sh;
			shellScript = "diff \"${PODS_PODFILE_DIR_PATH}/Podfile.lock\" \"${PODS_ROOT}/Manifest.lock\" > /dev/null\nif [ $? != 0 ] ; then\n    # print error to STDERR\n    echo \"error: The sandbox is not in sync with the Podfile.lock. Run 'pod install' or update your CocoaPods installation.\" >&2\n    exit 1\nfi\n# This output is used by Xcode 'outputs' to avoid re-running this script phase.\necho \"SUCCESS\" > \"${SCRIPT_OUTPUT_FILE_0}\"\n";
			showEnvVarsInLog = 0;
		};
		B46A4CF6430FD86E2A49C27D /* [CP] Embed Pods Frameworks */ = {
			isa = PBXShellScriptBuildPhase;
			buildActionMask = 2147483647;
			files = (
			);
			inputFileListPaths = (
				"${PODS_ROOT}/Target Support Files/Pods-Chat4App/Pods-Chat4App-frameworks-${CONFIGURATION}-input-files.xcfilelist",
			);
			name = "[CP] Embed Pods Frameworks";
			outputFileListPaths = (
				"${PODS_ROOT}/Target Support Files/Pods-Chat4App/Pods-Chat4App-frameworks-${CONFIGURATION}-output-files.xcfilelist",
			);
			runOnlyForDeploymentPostprocessing = 0;
			shellPath = /bin/sh;
			shellScript = "\"${PODS_ROOT}/Target Support Files/Pods-Chat4App/Pods-Chat4App-frameworks.sh\"\n";
			showEnvVarsInLog = 0;
		};
/* End PBXShellScriptBuildPhase section */

/* Begin PBXSourcesBuildPhase section */
		6E6244BA26C18718008A014A /* Sources */ = {
			isa = PBXSourcesBuildPhase;
			buildActionMask = 2147483647;
			files = (
				6E6244C426C18718008A014A /* ContentView.swift in Sources */,
				6E6244E626C2FD24008A014A /* Messages.swift in Sources */,
				6E6244DC26C18D74008A014A /* Login.swift in Sources */,
				6E6244E226C2C57C008A014A /* Join.swift in Sources */,
				6E6244D826C18CCE008A014A /* ChatList.swift in Sources */,
				6E6244C226C18718008A014A /* Chat4AppApp.swift in Sources */,
				6E6244D426C1899D008A014A /* SessionStore.swift in Sources */,
				6E6244E426C2F6C4008A014A /* MessagesViewModel.swift in Sources */,
				6E6244E026C1981C008A014A /* ChatroomsViewModel.swift in Sources */,
			);
			runOnlyForDeploymentPostprocessing = 0;
		};
/* End PBXSourcesBuildPhase section */

/* Begin XCBuildConfiguration section */
		6E6244CB26C1871C008A014A /* Debug */ = {
			isa = XCBuildConfiguration;
			buildSettings = {
				ALWAYS_SEARCH_USER_PATHS = NO;
				CLANG_ANALYZER_NONNULL = YES;
				CLANG_ANALYZER_NUMBER_OBJECT_CONVERSION = YES_AGGRESSIVE;
				CLANG_CXX_LANGUAGE_STANDARD = "gnu++14";
				CLANG_CXX_LIBRARY = "libc++";
				CLANG_ENABLE_MODULES = YES;
				CLANG_ENABLE_OBJC_ARC = YES;
				CLANG_ENABLE_OBJC_WEAK = YES;
				CLANG_WARN_BLOCK_CAPTURE_AUTORELEASING = YES;
				CLANG_WARN_BOOL_CONVERSION = YES;
				CLANG_WARN_COMMA = YES;
				CLANG_WARN_CONSTANT_CONVERSION = YES;
				CLANG_WARN_DEPRECATED_OBJC_IMPLEMENTATIONS = YES;
				CLANG_WARN_DIRECT_OBJC_ISA_USAGE = YES_ERROR;
				CLANG_WARN_DOCUMENTATION_COMMENTS = YES;
				CLANG_WARN_EMPTY_BODY = YES;
				CLANG_WARN_ENUM_CONVERSION = YES;
				CLANG_WARN_INFINITE_RECURSION = YES;
				CLANG_WARN_INT_CONVERSION = YES;
				CLANG_WARN_NON_LITERAL_NULL_CONVERSION = YES;
				CLANG_WARN_OBJC_IMPLICIT_RETAIN_SELF = YES;
				CLANG_WARN_OBJC_LITERAL_CONVERSION = YES;
				CLANG_WARN_OBJC_ROOT_CLASS = YES_ERROR;
				CLANG_WARN_QUOTED_INCLUDE_IN_FRAMEWORK_HEADER = YES;
				CLANG_WARN_RANGE_LOOP_ANALYSIS = YES;
				CLANG_WARN_STRICT_PROTOTYPES = YES;
				CLANG_WARN_SUSPICIOUS_MOVE = YES;
				CLANG_WARN_UNGUARDED_AVAILABILITY = YES_AGGRESSIVE;
				CLANG_WARN_UNREACHABLE_CODE = YES;
				CLANG_WARN__DUPLICATE_METHOD_MATCH = YES;
				COPY_PHASE_STRIP = NO;
				DEBUG_INFORMATION_FORMAT = dwarf;
				ENABLE_STRICT_OBJC_MSGSEND = YES;
				ENABLE_TESTABILITY = YES;
				GCC_C_LANGUAGE_STANDARD = gnu11;
				GCC_DYNAMIC_NO_PIC = NO;
				GCC_NO_COMMON_BLOCKS = YES;
				GCC_OPTIMIZATION_LEVEL = 0;
				GCC_PREPROCESSOR_DEFINITIONS = (
					"DEBUG=1",
					"$(inherited)",
				);
				GCC_WARN_64_TO_32_BIT_CONVERSION = YES;
				GCC_WARN_ABOUT_RETURN_TYPE = YES_ERROR;
				GCC_WARN_UNDECLARED_SELECTOR = YES;
				GCC_WARN_UNINITIALIZED_AUTOS = YES_AGGRESSIVE;
				GCC_WARN_UNUSED_FUNCTION = YES;
				GCC_WARN_UNUSED_VARIABLE = YES;
				IPHONEOS_DEPLOYMENT_TARGET = 14.5;
				MTL_ENABLE_DEBUG_INFO = INCLUDE_SOURCE;
				MTL_FAST_MATH = YES;
				ONLY_ACTIVE_ARCH = YES;
				SDKROOT = iphoneos;
				SWIFT_ACTIVE_COMPILATION_CONDITIONS = DEBUG;
				SWIFT_OPTIMIZATION_LEVEL = "-Onone";
			};
			name = Debug;
		};
		6E6244CC26C1871C008A014A /* Release */ = {
			isa = XCBuildConfiguration;
			buildSettings = {
				ALWAYS_SEARCH_USER_PATHS = NO;
				CLANG_ANALYZER_NONNULL = YES;
				CLANG_ANALYZER_NUMBER_OBJECT_CONVERSION = YES_AGGRESSIVE;
				CLANG_CXX_LANGUAGE_STANDARD = "gnu++14";
				CLANG_CXX_LIBRARY = "libc++";
				CLANG_ENABLE_MODULES = YES;
				CLANG_ENABLE_OBJC_ARC = YES;
				CLANG_ENABLE_OBJC_WEAK = YES;
				CLANG_WARN_BLOCK_CAPTURE_AUTORELEASING = YES;
				CLANG_WARN_BOOL_CONVERSION = YES;
				CLANG_WARN_COMMA = YES;
				CLANG_WARN_CONSTANT_CONVERSION = YES;
				CLANG_WARN_DEPRECATED_OBJC_IMPLEMENTATIONS = YES;
				CLANG_WARN_DIRECT_OBJC_ISA_USAGE = YES_ERROR;
				CLANG_WARN_DOCUMENTATION_COMMENTS = YES;
				CLANG_WARN_EMPTY_BODY = YES;
				CLANG_WARN_ENUM_CONVERSION = YES;
				CLANG_WARN_INFINITE_RECURSION = YES;
				CLANG_WARN_INT_CONVERSION = YES;
				CLANG_WARN_NON_LITERAL_NULL_CONVERSION = YES;
				CLANG_WARN_OBJC_IMPLICIT_RETAIN_SELF = YES;
				CLANG_WARN_OBJC_LITERAL_CONVERSION = YES;
				CLANG_WARN_OBJC_ROOT_CLASS = YES_ERROR;
				CLANG_WARN_QUOTED_INCLUDE_IN_FRAMEWORK_HEADER = YES;
				CLANG_WARN_RANGE_LOOP_ANALYSIS = YES;
				CLANG_WARN_STRICT_PROTOTYPES = YES;
				CLANG_WARN_SUSPICIOUS_MOVE = YES;
				CLANG_WARN_UNGUARDED_AVAILABILITY = YES_AGGRESSIVE;
				CLANG_WARN_UNREACHABLE_CODE = YES;
				CLANG_WARN__DUPLICATE_METHOD_MATCH = YES;
				COPY_PHASE_STRIP = NO;
				DEBUG_INFORMATION_FORMAT = "dwarf-with-dsym";
				ENABLE_NS_ASSERTIONS = NO;
				ENABLE_STRICT_OBJC_MSGSEND = YES;
				GCC_C_LANGUAGE_STANDARD = gnu11;
				GCC_NO_COMMON_BLOCKS = YES;
				GCC_WARN_64_TO_32_BIT_CONVERSION = YES;
				GCC_WARN_ABOUT_RETURN_TYPE = YES_ERROR;
				GCC_WARN_UNDECLARED_SELECTOR = YES;
				GCC_WARN_UNINITIALIZED_AUTOS = YES_AGGRESSIVE;
				GCC_WARN_UNUSED_FUNCTION = YES;
				GCC_WARN_UNUSED_VARIABLE = YES;
				IPHONEOS_DEPLOYMENT_TARGET = 14.5;
				MTL_ENABLE_DEBUG_INFO = NO;
				MTL_FAST_MATH = YES;
				SDKROOT = iphoneos;
				SWIFT_COMPILATION_MODE = wholemodule;
				SWIFT_OPTIMIZATION_LEVEL = "-O";
				VALIDATE_PRODUCT = YES;
			};
			name = Release;
		};
		6E6244CE26C1871C008A014A /* Debug */ = {
			isa = XCBuildConfiguration;
			baseConfigurationReference = 397A357190CCC97018960A63 /* Pods-Chat4App.debug.xcconfig */;
			buildSettings = {
				ASSETCATALOG_COMPILER_APPICON_NAME = AppIcon;
				ASSETCATALOG_COMPILER_GLOBAL_ACCENT_COLOR_NAME = AccentColor;
				CODE_SIGN_STYLE = Automatic;
				DEVELOPMENT_ASSET_PATHS = "\"Chat4App/Preview Content\"";
				DEVELOPMENT_TEAM = 97ABMJ7S2N;
				ENABLE_PREVIEWS = YES;
				INFOPLIST_FILE = Chat4App/Info.plist;
				IPHONEOS_DEPLOYMENT_TARGET = 14.0;
				LD_RUNPATH_SEARCH_PATHS = (
					"$(inherited)",
					"@executable_path/Frameworks",
				);
				PRODUCT_BUNDLE_IDENTIFIER = com.Mojjan4.Chat4App;
				PRODUCT_NAME = "$(TARGET_NAME)";
				SWIFT_VERSION = 5.0;
				TARGETED_DEVICE_FAMILY = "1,2";
			};
			name = Debug;
		};
		6E6244CF26C1871C008A014A /* Release */ = {
			isa = XCBuildConfiguration;
			baseConfigurationReference = 9594A6B36D9603FC208D174A /* Pods-Chat4App.release.xcconfig */;
			buildSettings = {
				ASSETCATALOG_COMPILER_APPICON_NAME = AppIcon;
				ASSETCATALOG_COMPILER_GLOBAL_ACCENT_COLOR_NAME = AccentColor;
				CODE_SIGN_STYLE = Automatic;
				DEVELOPMENT_ASSET_PATHS = "\"Chat4App/Preview Content\"";
				DEVELOPMENT_TEAM = 97ABMJ7S2N;
				ENABLE_PREVIEWS = YES;
				INFOPLIST_FILE = Chat4App/Info.plist;
				IPHONEOS_DEPLOYMENT_TARGET = 14.0;
				LD_RUNPATH_SEARCH_PATHS = (
					"$(inherited)",
					"@executable_path/Frameworks",
				);
				PRODUCT_BUNDLE_IDENTIFIER = com.Mojjan4.Chat4App;
				PRODUCT_NAME = "$(TARGET_NAME)";
				SWIFT_VERSION = 5.0;
				TARGETED_DEVICE_FAMILY = "1,2";
			};
			name = Release;
		};
/* End XCBuildConfiguration section */

/* Begin XCConfigurationList section */
		6E6244B926C18718008A014A /* Build configuration list for PBXProject "Chat4App" */ = {
			isa = XCConfigurationList;
			buildConfigurations = (
				6E6244CB26C1871C008A014A /* Debug */,
				6E6244CC26C1871C008A014A /* Release */,
			);
			defaultConfigurationIsVisible = 0;
			defaultConfigurationName = Release;
		};
		6E6244CD26C1871C008A014A /* Build configuration list for PBXNativeTarget "Chat4App" */ = {
			isa = XCConfigurationList;
			buildConfigurations = (
				6E6244CE26C1871C008A014A /* Debug */,
				6E6244CF26C1871C008A014A /* Release */,
			);
			defaultConfigurationIsVisible = 0;
			defaultConfigurationName = Release;
		};
/* End XCConfigurationList section */
	};
	rootObject = 6E6244B626C18718008A014A /* Project object */;
}
